
Microsoft Visual Studio Solution File, Format Version 12.00
# Visual Studio Version 16
VisualStudioVersion = 16.0.31129.286
MinimumVisualStudioVersion = 10.0.40219.1
Project("{FAE04EC0-301F-11D3-BF4B-00C04F79EFBC}") = "CalculadoraConsole", "CalculadoraConsole\CalculadoraConsole.csproj", "{08C2712A-33BE-4E4A-9B0F-2E453B7C9B24}"
EndProject
Global
	GlobalSection(SolutionConfigurationPlatforms) = preSolution
		Debug|Any CPU = Debug|Any CPU
		Release|Any CPU = Release|Any CPU
	EndGlobalSection
	GlobalSection(ProjectConfigurationPlatforms) = postSolution
		{08C2712A-33BE-4E4A-9B0F-2E453B7C9B24}.Debug|Any CPU.ActiveCfg = Debug|Any CPU
		{08C2712A-33BE-4E4A-9B0F-2E453B7C9B24}.Debug|Any CPU.Build.0 = Debug|Any CPU
		{08C2712A-33BE-4E4A-9B0F-2E453B7C9B24}.Release|Any CPU.ActiveCfg = Release|Any CPU
		{08C2712A-33BE-4E4A-9B0F-2E453B7C9B24}.Release|Any CPU.Build.0 = Release|Any CPU
	EndGlobalSection
	GlobalSection(SolutionProperties) = preSolution
		HideSolutionNode = FALSE
	EndGlobalSection
	GlobalSection(ExtensibilityGlobals) = postSolution
		SolutionGuid = {98574C9A-9685-45AD-B5F5-F7F1B36C803D}
	EndGlobalSection
EndGlobal
